
Microsoft Visual Studio Solution File, Format Version 12.00
# Visual Studio Version 17
VisualStudioVersion = 17.11.35312.102
MinimumVisualStudioVersion = 10.0.40219.1
Project("{FAE04EC0-301F-11D3-BF4B-00C04F79EFBC}") = "PI_2024_III_P1_TAREAIII_DaliaRuizDiaz", "PI_2024_III_P1_TAREAIII_DaliaRuizDiaz\PI_2024_III_P1_TAREAIII_DaliaRuizDiaz.csproj", "{343D97F5-D918-469D-A5F1-BFD086ACE6E4}"
EndProject
Global
	GlobalSection(SolutionConfigurationPlatforms) = preSolution
		Debug|Any CPU = Debug|Any CPU
		Release|Any CPU = Release|Any CPU
	EndGlobalSection
	GlobalSection(ProjectConfigurationPlatforms) = postSolution
		{343D97F5-D918-469D-A5F1-BFD086ACE6E4}.Debug|Any CPU.ActiveCfg = Debug|Any CPU
		{343D97F5-D918-469D-A5F1-BFD086ACE6E4}.Debug|Any CPU.Build.0 = Debug|Any CPU
		{343D97F5-D918-469D-A5F1-BFD086ACE6E4}.Release|Any CPU.ActiveCfg = Release|Any CPU
		{343D97F5-D918-469D-A5F1-BFD086ACE6E4}.Release|Any CPU.Build.0 = Release|Any CPU
	EndGlobalSection
	GlobalSection(SolutionProperties) = preSolution
		HideSolutionNode = FALSE
	EndGlobalSection
	GlobalSection(ExtensibilityGlobals) = postSolution
		SolutionGuid = {5C455AC1-1D41-4124-9BDF-F178065D9324}
	EndGlobalSection
EndGlobal
